
Microsoft Visual Studio Solution File, Format Version 12.00
# Visual Studio Version 16
VisualStudioVersion = 16.0.30320.27
MinimumVisualStudioVersion = 10.0.40219.1
Project("{00D1A9C2-B5F0-4AF3-8072-F6C62B433612}") = "Richivet.database", "Richivet.database\Richivet.database.sqlproj", "{1924CFF8-102A-4C68-B331-F591063947F4}"
EndProject
Project("{00D1A9C2-B5F0-4AF3-8072-F6C62B433612}") = "Admin.Identity.DB", "..\Admin.Identity.DB\Admin.Identity.DB.sqlproj", "{5DC3FA16-99CB-42FF-B655-F61AA8DB4054}"
EndProject
Project("{00D1A9C2-B5F0-4AF3-8072-F6C62B433612}") = "IdentityServer", "IdentityServer\IdentityServer.sqlproj", "{FF286376-BC29-453A-B20B-532C491CC63A}"
EndProject
Global
	GlobalSection(SolutionConfigurationPlatforms) = preSolution
		Debug|Any CPU = Debug|Any CPU
		Release|Any CPU = Release|Any CPU
	EndGlobalSection
	GlobalSection(ProjectConfigurationPlatforms) = postSolution
		{1924CFF8-102A-4C68-B331-F591063947F4}.Debug|Any CPU.ActiveCfg = Debug|Any CPU
		{1924CFF8-102A-4C68-B331-F591063947F4}.Debug|Any CPU.Build.0 = Debug|Any CPU
		{1924CFF8-102A-4C68-B331-F591063947F4}.Debug|Any CPU.Deploy.0 = Debug|Any CPU
		{1924CFF8-102A-4C68-B331-F591063947F4}.Release|Any CPU.ActiveCfg = Release|Any CPU
		{1924CFF8-102A-4C68-B331-F591063947F4}.Release|Any CPU.Build.0 = Release|Any CPU
		{1924CFF8-102A-4C68-B331-F591063947F4}.Release|Any CPU.Deploy.0 = Release|Any CPU
		{5DC3FA16-99CB-42FF-B655-F61AA8DB4054}.Debug|Any CPU.ActiveCfg = Debug|Any CPU
		{5DC3FA16-99CB-42FF-B655-F61AA8DB4054}.Debug|Any CPU.Build.0 = Debug|Any CPU
		{5DC3FA16-99CB-42FF-B655-F61AA8DB4054}.Debug|Any CPU.Deploy.0 = Debug|Any CPU
		{5DC3FA16-99CB-42FF-B655-F61AA8DB4054}.Release|Any CPU.ActiveCfg = Release|Any CPU
		{5DC3FA16-99CB-42FF-B655-F61AA8DB4054}.Release|Any CPU.Build.0 = Release|Any CPU
		{5DC3FA16-99CB-42FF-B655-F61AA8DB4054}.Release|Any CPU.Deploy.0 = Release|Any CPU
		{FF286376-BC29-453A-B20B-532C491CC63A}.Debug|Any CPU.ActiveCfg = Debug|Any CPU
		{FF286376-BC29-453A-B20B-532C491CC63A}.Debug|Any CPU.Build.0 = Debug|Any CPU
		{FF286376-BC29-453A-B20B-532C491CC63A}.Debug|Any CPU.Deploy.0 = Debug|Any CPU
		{FF286376-BC29-453A-B20B-532C491CC63A}.Release|Any CPU.ActiveCfg = Release|Any CPU
		{FF286376-BC29-453A-B20B-532C491CC63A}.Release|Any CPU.Build.0 = Release|Any CPU
		{FF286376-BC29-453A-B20B-532C491CC63A}.Release|Any CPU.Deploy.0 = Release|Any CPU
	EndGlobalSection
	GlobalSection(SolutionProperties) = preSolution
		HideSolutionNode = FALSE
	EndGlobalSection
	GlobalSection(ExtensibilityGlobals) = postSolution
		SolutionGuid = {3E62B889-8382-4DBA-BB4C-904529861070}
	EndGlobalSection
EndGlobal
